{
  "version": "4",
  "specifiers": {
    "jsr:@std/fs@^1.0.7": "1.0.7",
    "jsr:@std/path@^1.0.8": "1.0.8"
  },
  "jsr": {
    "@std/fs@1.0.7": {
      "integrity": "95ac7326e0e59089c979706e17bb28db03b5fb41c5a37c9c556788198b0662d6",
      "dependencies": [
        "jsr:@std/path"
      ]
    },
    "@std/path@1.0.8": {
      "integrity": "548fa456bb6a04d3c1a1e7477986b6cffbce95102d0bb447c67c4ee70e0364be"
    }
  },
  "workspace": {
    "dependencies": [
      "jsr:@std/fs@^1.0.7"
    ]
  }
}
